
Microsoft Visual Studio Solution File, Format Version 12.00
# Visual Studio Version 17
VisualStudioVersion = 17.6.33723.286
MinimumVisualStudioVersion = 10.0.40219.1
Project("{FAE04EC0-301F-11D3-BF4B-00C04F79EFBC}") = "P2108Comparer", "P2108Comparer.csproj", "{114EF54C-378D-4A54-9201-8FD5A828BD53}"
EndProject
Global
	GlobalSection(SolutionConfigurationPlatforms) = preSolution
		Debug|Any CPU = Debug|Any CPU
		Release|Any CPU = Release|Any CPU
	EndGlobalSection
	GlobalSection(ProjectConfigurationPlatforms) = postSolution
		{114EF54C-378D-4A54-9201-8FD5A828BD53}.Debug|Any CPU.ActiveCfg = Debug|Any CPU
		{114EF54C-378D-4A54-9201-8FD5A828BD53}.Debug|Any CPU.Build.0 = Debug|Any CPU
		{114EF54C-378D-4A54-9201-8FD5A828BD53}.Release|Any CPU.ActiveCfg = Release|Any CPU
		{114EF54C-378D-4A54-9201-8FD5A828BD53}.Release|Any CPU.Build.0 = Release|Any CPU
	EndGlobalSection
	GlobalSection(SolutionProperties) = preSolution
		HideSolutionNode = FALSE
	EndGlobalSection
	GlobalSection(ExtensibilityGlobals) = postSolution
		SolutionGuid = {7A4B273A-1B16-4676-BD68-9DB6225DC4FA}
	EndGlobalSection
EndGlobal
